
Microsoft Visual Studio Solution File, Format Version 12.00
# Visual Studio Version 16
VisualStudioVersion = 16.0.30503.244
MinimumVisualStudioVersion = 10.0.40219.1
Project("{FAE04EC0-301F-11D3-BF4B-00C04F79EFBC}") = "TurboPac", "TurboPac\TurboPac.csproj", "{AE29028A-0C6E-4D0F-843C-2D3FB71953FA}"
EndProject
Global
	GlobalSection(SolutionConfigurationPlatforms) = preSolution
		Debug|Any CPU = Debug|Any CPU
		Release|Any CPU = Release|Any CPU
	EndGlobalSection
	GlobalSection(ProjectConfigurationPlatforms) = postSolution
		{AE29028A-0C6E-4D0F-843C-2D3FB71953FA}.Debug|Any CPU.ActiveCfg = Debug|Any CPU
		{AE29028A-0C6E-4D0F-843C-2D3FB71953FA}.Debug|Any CPU.Build.0 = Debug|Any CPU
		{AE29028A-0C6E-4D0F-843C-2D3FB71953FA}.Release|Any CPU.ActiveCfg = Release|Any CPU
		{AE29028A-0C6E-4D0F-843C-2D3FB71953FA}.Release|Any CPU.Build.0 = Release|Any CPU
	EndGlobalSection
	GlobalSection(SolutionProperties) = preSolution
		HideSolutionNode = FALSE
	EndGlobalSection
	GlobalSection(ExtensibilityGlobals) = postSolution
		SolutionGuid = {291BB3E7-A1D2-43D1-A609-DFAE7BD9D1A2}
	EndGlobalSection
EndGlobal
